
Microsoft Visual Studio Solution File, Format Version 12.00
# Visual Studio Version 16
VisualStudioVersion = 16.0.32228.343
MinimumVisualStudioVersion = 10.0.40219.1
Project("{888888A0-9F3D-457C-B088-3A5042F75D52}") = "Level_1", "Level_1.pyproj", "{1E5C890A-2E0B-4D08-B0EB-67F463D5E0BF}"
EndProject
Global
	GlobalSection(SolutionConfigurationPlatforms) = preSolution
		Debug|Any CPU = Debug|Any CPU
		Release|Any CPU = Release|Any CPU
	EndGlobalSection
	GlobalSection(ProjectConfigurationPlatforms) = postSolution
		{1E5C890A-2E0B-4D08-B0EB-67F463D5E0BF}.Debug|Any CPU.ActiveCfg = Debug|Any CPU
		{1E5C890A-2E0B-4D08-B0EB-67F463D5E0BF}.Release|Any CPU.ActiveCfg = Release|Any CPU
	EndGlobalSection
	GlobalSection(SolutionProperties) = preSolution
		HideSolutionNode = FALSE
	EndGlobalSection
	GlobalSection(ExtensibilityGlobals) = postSolution
		SolutionGuid = {754BE6F8-8374-4500-8815-47C124714AF9}
	EndGlobalSection
EndGlobal
