
Microsoft Visual Studio Solution File, Format Version 12.00
# Visual Studio Version 16
VisualStudioVersion = 16.0.32228.343
MinimumVisualStudioVersion = 10.0.40219.1
Project("{888888A0-9F3D-457C-B088-3A5042F75D52}") = "Object", "Object.pyproj", "{F7FAD09E-04A8-4922-A24C-091E36F37620}"
EndProject
Global
	GlobalSection(SolutionConfigurationPlatforms) = preSolution
		Debug|Any CPU = Debug|Any CPU
		Release|Any CPU = Release|Any CPU
	EndGlobalSection
	GlobalSection(ProjectConfigurationPlatforms) = postSolution
		{F7FAD09E-04A8-4922-A24C-091E36F37620}.Debug|Any CPU.ActiveCfg = Debug|Any CPU
		{F7FAD09E-04A8-4922-A24C-091E36F37620}.Release|Any CPU.ActiveCfg = Release|Any CPU
	EndGlobalSection
	GlobalSection(SolutionProperties) = preSolution
		HideSolutionNode = FALSE
	EndGlobalSection
	GlobalSection(ExtensibilityGlobals) = postSolution
		SolutionGuid = {C669E8C8-0375-43E7-B094-3C990E3C1D02}
	EndGlobalSection
EndGlobal
