
Microsoft Visual Studio Solution File, Format Version 12.00
# Visual Studio Version 16
VisualStudioVersion = 16.0.31911.196
MinimumVisualStudioVersion = 10.0.40219.1
Project("{888888A0-9F3D-457C-B088-3A5042F75D52}") = "Basic_Game_Structure", "Basic_Game_Structure.pyproj", "{E40A1C58-7276-4A98-AAE7-1465983B8BB3}"
EndProject
Global
	GlobalSection(SolutionConfigurationPlatforms) = preSolution
		Debug|Any CPU = Debug|Any CPU
		Release|Any CPU = Release|Any CPU
	EndGlobalSection
	GlobalSection(ProjectConfigurationPlatforms) = postSolution
		{E40A1C58-7276-4A98-AAE7-1465983B8BB3}.Debug|Any CPU.ActiveCfg = Debug|Any CPU
		{E40A1C58-7276-4A98-AAE7-1465983B8BB3}.Release|Any CPU.ActiveCfg = Release|Any CPU
	EndGlobalSection
	GlobalSection(SolutionProperties) = preSolution
		HideSolutionNode = FALSE
	EndGlobalSection
	GlobalSection(ExtensibilityGlobals) = postSolution
		SolutionGuid = {C246229F-A7FB-40CC-8CD0-92C43F49D3DB}
	EndGlobalSection
EndGlobal
